
Microsoft Visual Studio Solution File, Format Version 12.00
# Visual Studio Version 17
VisualStudioVersion = 17.7.34221.43
MinimumVisualStudioVersion = 10.0.40219.1
Project("{FAE04EC0-301F-11D3-BF4B-00C04F79EFBC}") = "Practica_2_Unidad_4", "Practica_2_Unidad_4\Practica_2_Unidad_4.csproj", "{ED6DC7F6-CDBB-4E20-9240-9B4825FA9350}"
EndProject
Global
	GlobalSection(SolutionConfigurationPlatforms) = preSolution
		Debug|Any CPU = Debug|Any CPU
		Release|Any CPU = Release|Any CPU
	EndGlobalSection
	GlobalSection(ProjectConfigurationPlatforms) = postSolution
		{ED6DC7F6-CDBB-4E20-9240-9B4825FA9350}.Debug|Any CPU.ActiveCfg = Debug|Any CPU
		{ED6DC7F6-CDBB-4E20-9240-9B4825FA9350}.Debug|Any CPU.Build.0 = Debug|Any CPU
		{ED6DC7F6-CDBB-4E20-9240-9B4825FA9350}.Release|Any CPU.ActiveCfg = Release|Any CPU
		{ED6DC7F6-CDBB-4E20-9240-9B4825FA9350}.Release|Any CPU.Build.0 = Release|Any CPU
	EndGlobalSection
	GlobalSection(SolutionProperties) = preSolution
		HideSolutionNode = FALSE
	EndGlobalSection
	GlobalSection(ExtensibilityGlobals) = postSolution
		SolutionGuid = {83B50569-66C6-4201-863C-E305ED8A8844}
	EndGlobalSection
EndGlobal
